
Microsoft Visual Studio Solution File, Format Version 12.00
# Visual Studio Version 17
VisualStudioVersion = 17.10.35013.160
MinimumVisualStudioVersion = 10.0.40219.1
Project("{2150E333-8FDC-42A3-9474-1A3956D46DE8}") = "src", "src", "{251B36D3-E3F2-4A9E-95C4-28C2AD1BD7B6}"
EndProject
Project("{2150E333-8FDC-42A3-9474-1A3956D46DE8}") = "test", "test", "{E070BC11-D4AD-4654-8985-D3BB82F5E040}"
EndProject
Project("{2150E333-8FDC-42A3-9474-1A3956D46DE8}") = "EShop.Presentation", "EShop.Presentation", "{7EB76A70-5B0B-452D-82EF-A0CD5383C352}"
EndProject
Project("{9A19103F-16F7-4668-BE54-9A1E7A4F7556}") = "EShop.Application", "src\EShop.Application\EShop.Application.csproj", "{E58CCAF8-9126-45A1-9F4E-7CEBD4A33C7D}"
	ProjectSection(ProjectDependencies) = postProject
		{FB0B72A5-ECB2-4D91-A36A-CB5D36639588} = {FB0B72A5-ECB2-4D91-A36A-CB5D36639588}
	EndProjectSection
EndProject
Project("{9A19103F-16F7-4668-BE54-9A1E7A4F7556}") = "EShop.AdminWebApp", "src\EShop.Presentation\EShop.AdminWebApp\EShop.AdminWebApp.csproj", "{ADDB4A6C-FE36-4C26-A3CA-0BBF23B287C8}"
EndProject
Project("{9A19103F-16F7-4668-BE54-9A1E7A4F7556}") = "EShop.Api", "src\EShop.Presentation\EShop.Api\EShop.Api.csproj", "{48F0C262-CDF7-4281-B094-69B7B45060F9}"
	ProjectSection(ProjectDependencies) = postProject
		{316268A4-003A-405C-85C0-385B1C84893C} = {316268A4-003A-405C-85C0-385B1C84893C}
		{62F8E7D9-7220-433F-A929-2D64E71E8C8F} = {62F8E7D9-7220-433F-A929-2D64E71E8C8F}
		{E58CCAF8-9126-45A1-9F4E-7CEBD4A33C7D} = {E58CCAF8-9126-45A1-9F4E-7CEBD4A33C7D}
		{FB0B72A5-ECB2-4D91-A36A-CB5D36639588} = {FB0B72A5-ECB2-4D91-A36A-CB5D36639588}
	EndProjectSection
EndProject
Project("{9A19103F-16F7-4668-BE54-9A1E7A4F7556}") = "EShop.WebApp", "src\EShop.Presentation\EShop.WebApp\EShop.WebApp.csproj", "{BC77670E-EC7D-4892-9FB6-5E66350FEB7D}"
EndProject
Project("{9A19103F-16F7-4668-BE54-9A1E7A4F7556}") = "EShop.Shared", "src\EShop.Presentation\EShop.Shared\EShop.Shared.csproj", "{316268A4-003A-405C-85C0-385B1C84893C}"
EndProject
Project("{9A19103F-16F7-4668-BE54-9A1E7A4F7556}") = "EShop.Domain", "src\EShop.Domain\EShop.Domain.csproj", "{FB0B72A5-ECB2-4D91-A36A-CB5D36639588}"
EndProject
Project("{9A19103F-16F7-4668-BE54-9A1E7A4F7556}") = "EShop.Infrastructure", "src\EShop.Infrastructure\EShop.Infrastructure.csproj", "{62F8E7D9-7220-433F-A929-2D64E71E8C8F}"
	ProjectSection(ProjectDependencies) = postProject
		{E58CCAF8-9126-45A1-9F4E-7CEBD4A33C7D} = {E58CCAF8-9126-45A1-9F4E-7CEBD4A33C7D}
		{FB0B72A5-ECB2-4D91-A36A-CB5D36639588} = {FB0B72A5-ECB2-4D91-A36A-CB5D36639588}
	EndProjectSection
EndProject
Global
	GlobalSection(SolutionConfigurationPlatforms) = preSolution
		Debug|Any CPU = Debug|Any CPU
		Release|Any CPU = Release|Any CPU
	EndGlobalSection
	GlobalSection(ProjectConfigurationPlatforms) = postSolution
		{E58CCAF8-9126-45A1-9F4E-7CEBD4A33C7D}.Debug|Any CPU.ActiveCfg = Debug|Any CPU
		{E58CCAF8-9126-45A1-9F4E-7CEBD4A33C7D}.Debug|Any CPU.Build.0 = Debug|Any CPU
		{E58CCAF8-9126-45A1-9F4E-7CEBD4A33C7D}.Release|Any CPU.ActiveCfg = Release|Any CPU
		{E58CCAF8-9126-45A1-9F4E-7CEBD4A33C7D}.Release|Any CPU.Build.0 = Release|Any CPU
		{ADDB4A6C-FE36-4C26-A3CA-0BBF23B287C8}.Debug|Any CPU.ActiveCfg = Debug|Any CPU
		{ADDB4A6C-FE36-4C26-A3CA-0BBF23B287C8}.Debug|Any CPU.Build.0 = Debug|Any CPU
		{ADDB4A6C-FE36-4C26-A3CA-0BBF23B287C8}.Release|Any CPU.ActiveCfg = Release|Any CPU
		{ADDB4A6C-FE36-4C26-A3CA-0BBF23B287C8}.Release|Any CPU.Build.0 = Release|Any CPU
		{48F0C262-CDF7-4281-B094-69B7B45060F9}.Debug|Any CPU.ActiveCfg = Debug|Any CPU
		{48F0C262-CDF7-4281-B094-69B7B45060F9}.Debug|Any CPU.Build.0 = Debug|Any CPU
		{48F0C262-CDF7-4281-B094-69B7B45060F9}.Release|Any CPU.ActiveCfg = Release|Any CPU
		{48F0C262-CDF7-4281-B094-69B7B45060F9}.Release|Any CPU.Build.0 = Release|Any CPU
		{BC77670E-EC7D-4892-9FB6-5E66350FEB7D}.Debug|Any CPU.ActiveCfg = Debug|Any CPU
		{BC77670E-EC7D-4892-9FB6-5E66350FEB7D}.Debug|Any CPU.Build.0 = Debug|Any CPU
		{BC77670E-EC7D-4892-9FB6-5E66350FEB7D}.Release|Any CPU.ActiveCfg = Release|Any CPU
		{BC77670E-EC7D-4892-9FB6-5E66350FEB7D}.Release|Any CPU.Build.0 = Release|Any CPU
		{316268A4-003A-405C-85C0-385B1C84893C}.Debug|Any CPU.ActiveCfg = Debug|Any CPU
		{316268A4-003A-405C-85C0-385B1C84893C}.Debug|Any CPU.Build.0 = Debug|Any CPU
		{316268A4-003A-405C-85C0-385B1C84893C}.Release|Any CPU.ActiveCfg = Release|Any CPU
		{316268A4-003A-405C-85C0-385B1C84893C}.Release|Any CPU.Build.0 = Release|Any CPU
		{FB0B72A5-ECB2-4D91-A36A-CB5D36639588}.Debug|Any CPU.ActiveCfg = Debug|Any CPU
		{FB0B72A5-ECB2-4D91-A36A-CB5D36639588}.Debug|Any CPU.Build.0 = Debug|Any CPU
		{FB0B72A5-ECB2-4D91-A36A-CB5D36639588}.Release|Any CPU.ActiveCfg = Release|Any CPU
		{FB0B72A5-ECB2-4D91-A36A-CB5D36639588}.Release|Any CPU.Build.0 = Release|Any CPU
		{62F8E7D9-7220-433F-A929-2D64E71E8C8F}.Debug|Any CPU.ActiveCfg = Debug|Any CPU
		{62F8E7D9-7220-433F-A929-2D64E71E8C8F}.Debug|Any CPU.Build.0 = Debug|Any CPU
		{62F8E7D9-7220-433F-A929-2D64E71E8C8F}.Release|Any CPU.ActiveCfg = Release|Any CPU
		{62F8E7D9-7220-433F-A929-2D64E71E8C8F}.Release|Any CPU.Build.0 = Release|Any CPU
	EndGlobalSection
	GlobalSection(SolutionProperties) = preSolution
		HideSolutionNode = FALSE
	EndGlobalSection
	GlobalSection(NestedProjects) = preSolution
		{7EB76A70-5B0B-452D-82EF-A0CD5383C352} = {251B36D3-E3F2-4A9E-95C4-28C2AD1BD7B6}
		{E58CCAF8-9126-45A1-9F4E-7CEBD4A33C7D} = {251B36D3-E3F2-4A9E-95C4-28C2AD1BD7B6}
		{ADDB4A6C-FE36-4C26-A3CA-0BBF23B287C8} = {7EB76A70-5B0B-452D-82EF-A0CD5383C352}
		{48F0C262-CDF7-4281-B094-69B7B45060F9} = {7EB76A70-5B0B-452D-82EF-A0CD5383C352}
		{BC77670E-EC7D-4892-9FB6-5E66350FEB7D} = {7EB76A70-5B0B-452D-82EF-A0CD5383C352}
		{316268A4-003A-405C-85C0-385B1C84893C} = {7EB76A70-5B0B-452D-82EF-A0CD5383C352}
		{FB0B72A5-ECB2-4D91-A36A-CB5D36639588} = {251B36D3-E3F2-4A9E-95C4-28C2AD1BD7B6}
		{62F8E7D9-7220-433F-A929-2D64E71E8C8F} = {251B36D3-E3F2-4A9E-95C4-28C2AD1BD7B6}
	EndGlobalSection
	GlobalSection(ExtensibilityGlobals) = postSolution
		SolutionGuid = {5B98F064-D718-486F-B532-C6B5C44D24A1}
	EndGlobalSection
EndGlobal
