
Microsoft Visual Studio Solution File, Format Version 12.00
# Visual Studio Version 17
VisualStudioVersion = 17.10.35013.160
MinimumVisualStudioVersion = 10.0.40219.1
Project("{2150E333-8FDC-42A3-9474-1A3956D46DE8}") = "src", "src", "{251B36D3-E3F2-4A9E-95C4-28C2AD1BD7B6}"
EndProject
Project("{2150E333-8FDC-42A3-9474-1A3956D46DE8}") = "test", "test", "{E070BC11-D4AD-4654-8985-D3BB82F5E040}"
EndProject
Project("{9A19103F-16F7-4668-BE54-9A1E7A4F7556}") = "Identity.Api", "src\Identity.Api\Identity.Api.csproj", "{46ACF83B-E237-42A0-AC08-FF7897847320}"
EndProject
Project("{9A19103F-16F7-4668-BE54-9A1E7A4F7556}") = "Catalog.Api", "src\Catalog.Api\Catalog.Api.csproj", "{EE38D973-379B-4386-8535-BD394F4A9B8E}"
EndProject
Project("{2150E333-8FDC-42A3-9474-1A3956D46DE8}") = "Order", "Order", "{9B94F043-685B-4B34-9363-666D593B15A4}"
EndProject
Project("{9A19103F-16F7-4668-BE54-9A1E7A4F7556}") = "Basket.Api", "src\Basket.Api\Basket.Api.csproj", "{FC3494D5-B6DC-4435-8941-A266E66DF066}"
EndProject
Project("{9A19103F-16F7-4668-BE54-9A1E7A4F7556}") = "Order.Api", "src\Order\Order.Api\WebApplication1\Order.Api.csproj", "{C66AFFAC-ECFF-4D42-82EF-B338E9F9593E}"
EndProject
Project("{2150E333-8FDC-42A3-9474-1A3956D46DE8}") = "EShop", "EShop", "{7EB76A70-5B0B-452D-82EF-A0CD5383C352}"
EndProject
Project("{9A19103F-16F7-4668-BE54-9A1E7A4F7556}") = "Order.Infrastructure", "src\Order\Order.Infrastructure\Order.Infrastructure.csproj", "{A2556670-03C4-4BCF-AA7E-A5B46D9EB9CA}"
EndProject
Project("{2150E333-8FDC-42A3-9474-1A3956D46DE8}") = "Core", "Core", "{8307DB41-75B3-4AE6-88D9-F185F689ED44}"
EndProject
Project("{9A19103F-16F7-4668-BE54-9A1E7A4F7556}") = "EventPublisherWorker", "src\Core\EventPubliserService\EventPublisherWorker.csproj", "{BE5DF968-9A4D-499C-92F7-E7FC568371D1}"
EndProject
Project("{9A19103F-16F7-4668-BE54-9A1E7A4F7556}") = "EventStoreEF", "src\Core\EventStore\EventStoreEF.csproj", "{C098CCB4-5B44-40C2-8F18-38A70D584987}"
EndProject
Project("{9A19103F-16F7-4668-BE54-9A1E7A4F7556}") = "EventBus", "src\Core\EventBus\EventBus.csproj", "{F7F975B6-2E33-452C-8B73-F96369F3C1EA}"
EndProject
Project("{9A19103F-16F7-4668-BE54-9A1E7A4F7556}") = "Order.Domain", "src\Order\Order.Domain\Order.Domain.csproj", "{703FABA3-D2D4-429A-BFAE-92DE41C78B19}"
EndProject
Project("{9A19103F-16F7-4668-BE54-9A1E7A4F7556}") = "OcelotGateway", "src\OcelotGateway\OcelotGateway.csproj", "{0EED0B12-08D1-4126-9AB1-65DF183B3029}"
EndProject
Project("{9A19103F-16F7-4668-BE54-9A1E7A4F7556}") = "WebApp", "src\EShop.WebApp\WebApp.csproj", "{A069BE68-BABA-4321-A7F4-12F3230B604B}"
EndProject
Global
	GlobalSection(SolutionConfigurationPlatforms) = preSolution
		Debug|Any CPU = Debug|Any CPU
		Release|Any CPU = Release|Any CPU
	EndGlobalSection
	GlobalSection(ProjectConfigurationPlatforms) = postSolution
		{46ACF83B-E237-42A0-AC08-FF7897847320}.Debug|Any CPU.ActiveCfg = Debug|Any CPU
		{46ACF83B-E237-42A0-AC08-FF7897847320}.Debug|Any CPU.Build.0 = Debug|Any CPU
		{46ACF83B-E237-42A0-AC08-FF7897847320}.Release|Any CPU.ActiveCfg = Release|Any CPU
		{46ACF83B-E237-42A0-AC08-FF7897847320}.Release|Any CPU.Build.0 = Release|Any CPU
		{EE38D973-379B-4386-8535-BD394F4A9B8E}.Debug|Any CPU.ActiveCfg = Debug|Any CPU
		{EE38D973-379B-4386-8535-BD394F4A9B8E}.Debug|Any CPU.Build.0 = Debug|Any CPU
		{EE38D973-379B-4386-8535-BD394F4A9B8E}.Release|Any CPU.ActiveCfg = Release|Any CPU
		{EE38D973-379B-4386-8535-BD394F4A9B8E}.Release|Any CPU.Build.0 = Release|Any CPU
		{FC3494D5-B6DC-4435-8941-A266E66DF066}.Debug|Any CPU.ActiveCfg = Debug|Any CPU
		{FC3494D5-B6DC-4435-8941-A266E66DF066}.Debug|Any CPU.Build.0 = Debug|Any CPU
		{FC3494D5-B6DC-4435-8941-A266E66DF066}.Release|Any CPU.ActiveCfg = Release|Any CPU
		{FC3494D5-B6DC-4435-8941-A266E66DF066}.Release|Any CPU.Build.0 = Release|Any CPU
		{C66AFFAC-ECFF-4D42-82EF-B338E9F9593E}.Debug|Any CPU.ActiveCfg = Debug|Any CPU
		{C66AFFAC-ECFF-4D42-82EF-B338E9F9593E}.Debug|Any CPU.Build.0 = Debug|Any CPU
		{C66AFFAC-ECFF-4D42-82EF-B338E9F9593E}.Release|Any CPU.ActiveCfg = Release|Any CPU
		{C66AFFAC-ECFF-4D42-82EF-B338E9F9593E}.Release|Any CPU.Build.0 = Release|Any CPU
		{A2556670-03C4-4BCF-AA7E-A5B46D9EB9CA}.Debug|Any CPU.ActiveCfg = Debug|Any CPU
		{A2556670-03C4-4BCF-AA7E-A5B46D9EB9CA}.Debug|Any CPU.Build.0 = Debug|Any CPU
		{A2556670-03C4-4BCF-AA7E-A5B46D9EB9CA}.Release|Any CPU.ActiveCfg = Release|Any CPU
		{A2556670-03C4-4BCF-AA7E-A5B46D9EB9CA}.Release|Any CPU.Build.0 = Release|Any CPU
		{BE5DF968-9A4D-499C-92F7-E7FC568371D1}.Debug|Any CPU.ActiveCfg = Debug|Any CPU
		{BE5DF968-9A4D-499C-92F7-E7FC568371D1}.Debug|Any CPU.Build.0 = Debug|Any CPU
		{BE5DF968-9A4D-499C-92F7-E7FC568371D1}.Release|Any CPU.ActiveCfg = Release|Any CPU
		{BE5DF968-9A4D-499C-92F7-E7FC568371D1}.Release|Any CPU.Build.0 = Release|Any CPU
		{C098CCB4-5B44-40C2-8F18-38A70D584987}.Debug|Any CPU.ActiveCfg = Debug|Any CPU
		{C098CCB4-5B44-40C2-8F18-38A70D584987}.Debug|Any CPU.Build.0 = Debug|Any CPU
		{C098CCB4-5B44-40C2-8F18-38A70D584987}.Release|Any CPU.ActiveCfg = Release|Any CPU
		{C098CCB4-5B44-40C2-8F18-38A70D584987}.Release|Any CPU.Build.0 = Release|Any CPU
		{F7F975B6-2E33-452C-8B73-F96369F3C1EA}.Debug|Any CPU.ActiveCfg = Debug|Any CPU
		{F7F975B6-2E33-452C-8B73-F96369F3C1EA}.Debug|Any CPU.Build.0 = Debug|Any CPU
		{F7F975B6-2E33-452C-8B73-F96369F3C1EA}.Release|Any CPU.ActiveCfg = Release|Any CPU
		{F7F975B6-2E33-452C-8B73-F96369F3C1EA}.Release|Any CPU.Build.0 = Release|Any CPU
		{703FABA3-D2D4-429A-BFAE-92DE41C78B19}.Debug|Any CPU.ActiveCfg = Debug|Any CPU
		{703FABA3-D2D4-429A-BFAE-92DE41C78B19}.Debug|Any CPU.Build.0 = Debug|Any CPU
		{703FABA3-D2D4-429A-BFAE-92DE41C78B19}.Release|Any CPU.ActiveCfg = Release|Any CPU
		{703FABA3-D2D4-429A-BFAE-92DE41C78B19}.Release|Any CPU.Build.0 = Release|Any CPU
		{0EED0B12-08D1-4126-9AB1-65DF183B3029}.Debug|Any CPU.ActiveCfg = Debug|Any CPU
		{0EED0B12-08D1-4126-9AB1-65DF183B3029}.Debug|Any CPU.Build.0 = Debug|Any CPU
		{0EED0B12-08D1-4126-9AB1-65DF183B3029}.Release|Any CPU.ActiveCfg = Release|Any CPU
		{0EED0B12-08D1-4126-9AB1-65DF183B3029}.Release|Any CPU.Build.0 = Release|Any CPU
		{A069BE68-BABA-4321-A7F4-12F3230B604B}.Debug|Any CPU.ActiveCfg = Debug|Any CPU
		{A069BE68-BABA-4321-A7F4-12F3230B604B}.Debug|Any CPU.Build.0 = Debug|Any CPU
		{A069BE68-BABA-4321-A7F4-12F3230B604B}.Release|Any CPU.ActiveCfg = Release|Any CPU
		{A069BE68-BABA-4321-A7F4-12F3230B604B}.Release|Any CPU.Build.0 = Release|Any CPU
	EndGlobalSection
	GlobalSection(SolutionProperties) = preSolution
		HideSolutionNode = FALSE
	EndGlobalSection
	GlobalSection(NestedProjects) = preSolution
		{46ACF83B-E237-42A0-AC08-FF7897847320} = {251B36D3-E3F2-4A9E-95C4-28C2AD1BD7B6}
		{EE38D973-379B-4386-8535-BD394F4A9B8E} = {251B36D3-E3F2-4A9E-95C4-28C2AD1BD7B6}
		{9B94F043-685B-4B34-9363-666D593B15A4} = {251B36D3-E3F2-4A9E-95C4-28C2AD1BD7B6}
		{FC3494D5-B6DC-4435-8941-A266E66DF066} = {251B36D3-E3F2-4A9E-95C4-28C2AD1BD7B6}
		{C66AFFAC-ECFF-4D42-82EF-B338E9F9593E} = {9B94F043-685B-4B34-9363-666D593B15A4}
		{A2556670-03C4-4BCF-AA7E-A5B46D9EB9CA} = {9B94F043-685B-4B34-9363-666D593B15A4}
		{8307DB41-75B3-4AE6-88D9-F185F689ED44} = {251B36D3-E3F2-4A9E-95C4-28C2AD1BD7B6}
		{BE5DF968-9A4D-499C-92F7-E7FC568371D1} = {8307DB41-75B3-4AE6-88D9-F185F689ED44}
		{C098CCB4-5B44-40C2-8F18-38A70D584987} = {8307DB41-75B3-4AE6-88D9-F185F689ED44}
		{F7F975B6-2E33-452C-8B73-F96369F3C1EA} = {8307DB41-75B3-4AE6-88D9-F185F689ED44}
		{703FABA3-D2D4-429A-BFAE-92DE41C78B19} = {9B94F043-685B-4B34-9363-666D593B15A4}
		{0EED0B12-08D1-4126-9AB1-65DF183B3029} = {251B36D3-E3F2-4A9E-95C4-28C2AD1BD7B6}
		{A069BE68-BABA-4321-A7F4-12F3230B604B} = {251B36D3-E3F2-4A9E-95C4-28C2AD1BD7B6}
	EndGlobalSection
	GlobalSection(ExtensibilityGlobals) = postSolution
		SolutionGuid = {5B98F064-D718-486F-B532-C6B5C44D24A1}
	EndGlobalSection
EndGlobal
