
Microsoft Visual Studio Solution File, Format Version 12.00
# Visual Studio Version 17
VisualStudioVersion = 17.10.35013.160
MinimumVisualStudioVersion = 10.0.40219.1
Project("{2150E333-8FDC-42A3-9474-1A3956D46DE8}") = "src", "src", "{251B36D3-E3F2-4A9E-95C4-28C2AD1BD7B6}"
EndProject
Project("{2150E333-8FDC-42A3-9474-1A3956D46DE8}") = "test", "test", "{E070BC11-D4AD-4654-8985-D3BB82F5E040}"
EndProject
Project("{9A19103F-16F7-4668-BE54-9A1E7A4F7556}") = "Identity.Api", "src\Identity.Api\Identity.Api.csproj", "{46ACF83B-E237-42A0-AC08-FF7897847320}"
EndProject
Project("{9A19103F-16F7-4668-BE54-9A1E7A4F7556}") = "Catalog.Api", "src\Catalog.Api\Catalog.Api.csproj", "{EE38D973-379B-4386-8535-BD394F4A9B8E}"
EndProject
Project("{2150E333-8FDC-42A3-9474-1A3956D46DE8}") = "Ordering", "Ordering", "{9B94F043-685B-4B34-9363-666D593B15A4}"
EndProject
Project("{9A19103F-16F7-4668-BE54-9A1E7A4F7556}") = "Basket.Api", "src\Basket.Api\Basket.Api.csproj", "{FC3494D5-B6DC-4435-8941-A266E66DF066}"
EndProject
Project("{2150E333-8FDC-42A3-9474-1A3956D46DE8}") = "Core", "Core", "{8307DB41-75B3-4AE6-88D9-F185F689ED44}"
EndProject
Project("{9A19103F-16F7-4668-BE54-9A1E7A4F7556}") = "EventPublisherWorker", "src\Core\EventPubliserService\EventPublisherWorker.csproj", "{BE5DF968-9A4D-499C-92F7-E7FC568371D1}"
EndProject
Project("{9A19103F-16F7-4668-BE54-9A1E7A4F7556}") = "EventStoreEF", "src\Core\EventStore\EventStoreEF.csproj", "{C098CCB4-5B44-40C2-8F18-38A70D584987}"
EndProject
Project("{9A19103F-16F7-4668-BE54-9A1E7A4F7556}") = "EventBus", "src\Core\EventBus\EventBus.csproj", "{F7F975B6-2E33-452C-8B73-F96369F3C1EA}"
EndProject
Project("{9A19103F-16F7-4668-BE54-9A1E7A4F7556}") = "OcelotGateway", "src\OcelotGateway\OcelotGateway.csproj", "{0EED0B12-08D1-4126-9AB1-65DF183B3029}"
EndProject
Project("{9A19103F-16F7-4668-BE54-9A1E7A4F7556}") = "WebApp", "src\WebApp\WebApp.csproj", "{C1AC737D-E76B-43BC-B9AB-B0DFA2B7DF5D}"
EndProject
Project("{9A19103F-16F7-4668-BE54-9A1E7A4F7556}") = "Ordering.Api", "src\Ordering\Ordering.Api\Ordering.Api.csproj", "{CD412761-1C4C-43AE-9A36-196986E1E9D9}"
EndProject
Project("{9A19103F-16F7-4668-BE54-9A1E7A4F7556}") = "Ordering.Domain", "src\Ordering\Ordering.Domain\Ordering.Domain.csproj", "{7D2C8713-B50C-4CB5-9EDD-90EF82AB564A}"
EndProject
Project("{9A19103F-16F7-4668-BE54-9A1E7A4F7556}") = "Ordering.Infrastructure", "src\Ordering\Ordering.Infrastructure\Ordering.Infrastructure.csproj", "{4433CD0B-C7EE-4FC0-B5B3-38CCE3BFF297}"
EndProject
Global
	GlobalSection(SolutionConfigurationPlatforms) = preSolution
		Debug|Any CPU = Debug|Any CPU
		Release|Any CPU = Release|Any CPU
	EndGlobalSection
	GlobalSection(ProjectConfigurationPlatforms) = postSolution
		{46ACF83B-E237-42A0-AC08-FF7897847320}.Debug|Any CPU.ActiveCfg = Debug|Any CPU
		{46ACF83B-E237-42A0-AC08-FF7897847320}.Debug|Any CPU.Build.0 = Debug|Any CPU
		{46ACF83B-E237-42A0-AC08-FF7897847320}.Release|Any CPU.ActiveCfg = Release|Any CPU
		{46ACF83B-E237-42A0-AC08-FF7897847320}.Release|Any CPU.Build.0 = Release|Any CPU
		{EE38D973-379B-4386-8535-BD394F4A9B8E}.Debug|Any CPU.ActiveCfg = Debug|Any CPU
		{EE38D973-379B-4386-8535-BD394F4A9B8E}.Debug|Any CPU.Build.0 = Debug|Any CPU
		{EE38D973-379B-4386-8535-BD394F4A9B8E}.Release|Any CPU.ActiveCfg = Release|Any CPU
		{EE38D973-379B-4386-8535-BD394F4A9B8E}.Release|Any CPU.Build.0 = Release|Any CPU
		{FC3494D5-B6DC-4435-8941-A266E66DF066}.Debug|Any CPU.ActiveCfg = Debug|Any CPU
		{FC3494D5-B6DC-4435-8941-A266E66DF066}.Debug|Any CPU.Build.0 = Debug|Any CPU
		{FC3494D5-B6DC-4435-8941-A266E66DF066}.Release|Any CPU.ActiveCfg = Release|Any CPU
		{FC3494D5-B6DC-4435-8941-A266E66DF066}.Release|Any CPU.Build.0 = Release|Any CPU
		{BE5DF968-9A4D-499C-92F7-E7FC568371D1}.Debug|Any CPU.ActiveCfg = Debug|Any CPU
		{BE5DF968-9A4D-499C-92F7-E7FC568371D1}.Debug|Any CPU.Build.0 = Debug|Any CPU
		{BE5DF968-9A4D-499C-92F7-E7FC568371D1}.Release|Any CPU.ActiveCfg = Release|Any CPU
		{BE5DF968-9A4D-499C-92F7-E7FC568371D1}.Release|Any CPU.Build.0 = Release|Any CPU
		{C098CCB4-5B44-40C2-8F18-38A70D584987}.Debug|Any CPU.ActiveCfg = Debug|Any CPU
		{C098CCB4-5B44-40C2-8F18-38A70D584987}.Debug|Any CPU.Build.0 = Debug|Any CPU
		{C098CCB4-5B44-40C2-8F18-38A70D584987}.Release|Any CPU.ActiveCfg = Release|Any CPU
		{C098CCB4-5B44-40C2-8F18-38A70D584987}.Release|Any CPU.Build.0 = Release|Any CPU
		{F7F975B6-2E33-452C-8B73-F96369F3C1EA}.Debug|Any CPU.ActiveCfg = Debug|Any CPU
		{F7F975B6-2E33-452C-8B73-F96369F3C1EA}.Debug|Any CPU.Build.0 = Debug|Any CPU
		{F7F975B6-2E33-452C-8B73-F96369F3C1EA}.Release|Any CPU.ActiveCfg = Release|Any CPU
		{F7F975B6-2E33-452C-8B73-F96369F3C1EA}.Release|Any CPU.Build.0 = Release|Any CPU
		{0EED0B12-08D1-4126-9AB1-65DF183B3029}.Debug|Any CPU.ActiveCfg = Debug|Any CPU
		{0EED0B12-08D1-4126-9AB1-65DF183B3029}.Debug|Any CPU.Build.0 = Debug|Any CPU
		{0EED0B12-08D1-4126-9AB1-65DF183B3029}.Release|Any CPU.ActiveCfg = Release|Any CPU
		{0EED0B12-08D1-4126-9AB1-65DF183B3029}.Release|Any CPU.Build.0 = Release|Any CPU
		{C1AC737D-E76B-43BC-B9AB-B0DFA2B7DF5D}.Debug|Any CPU.ActiveCfg = Debug|Any CPU
		{C1AC737D-E76B-43BC-B9AB-B0DFA2B7DF5D}.Debug|Any CPU.Build.0 = Debug|Any CPU
		{C1AC737D-E76B-43BC-B9AB-B0DFA2B7DF5D}.Release|Any CPU.ActiveCfg = Release|Any CPU
		{C1AC737D-E76B-43BC-B9AB-B0DFA2B7DF5D}.Release|Any CPU.Build.0 = Release|Any CPU
		{CD412761-1C4C-43AE-9A36-196986E1E9D9}.Debug|Any CPU.ActiveCfg = Debug|Any CPU
		{CD412761-1C4C-43AE-9A36-196986E1E9D9}.Debug|Any CPU.Build.0 = Debug|Any CPU
		{CD412761-1C4C-43AE-9A36-196986E1E9D9}.Release|Any CPU.ActiveCfg = Release|Any CPU
		{CD412761-1C4C-43AE-9A36-196986E1E9D9}.Release|Any CPU.Build.0 = Release|Any CPU
		{7D2C8713-B50C-4CB5-9EDD-90EF82AB564A}.Debug|Any CPU.ActiveCfg = Debug|Any CPU
		{7D2C8713-B50C-4CB5-9EDD-90EF82AB564A}.Debug|Any CPU.Build.0 = Debug|Any CPU
		{7D2C8713-B50C-4CB5-9EDD-90EF82AB564A}.Release|Any CPU.ActiveCfg = Release|Any CPU
		{7D2C8713-B50C-4CB5-9EDD-90EF82AB564A}.Release|Any CPU.Build.0 = Release|Any CPU
		{4433CD0B-C7EE-4FC0-B5B3-38CCE3BFF297}.Debug|Any CPU.ActiveCfg = Debug|Any CPU
		{4433CD0B-C7EE-4FC0-B5B3-38CCE3BFF297}.Debug|Any CPU.Build.0 = Debug|Any CPU
		{4433CD0B-C7EE-4FC0-B5B3-38CCE3BFF297}.Release|Any CPU.ActiveCfg = Release|Any CPU
		{4433CD0B-C7EE-4FC0-B5B3-38CCE3BFF297}.Release|Any CPU.Build.0 = Release|Any CPU
	EndGlobalSection
	GlobalSection(SolutionProperties) = preSolution
		HideSolutionNode = FALSE
	EndGlobalSection
	GlobalSection(NestedProjects) = preSolution
		{46ACF83B-E237-42A0-AC08-FF7897847320} = {251B36D3-E3F2-4A9E-95C4-28C2AD1BD7B6}
		{EE38D973-379B-4386-8535-BD394F4A9B8E} = {251B36D3-E3F2-4A9E-95C4-28C2AD1BD7B6}
		{9B94F043-685B-4B34-9363-666D593B15A4} = {251B36D3-E3F2-4A9E-95C4-28C2AD1BD7B6}
		{FC3494D5-B6DC-4435-8941-A266E66DF066} = {251B36D3-E3F2-4A9E-95C4-28C2AD1BD7B6}
		{8307DB41-75B3-4AE6-88D9-F185F689ED44} = {251B36D3-E3F2-4A9E-95C4-28C2AD1BD7B6}
		{BE5DF968-9A4D-499C-92F7-E7FC568371D1} = {8307DB41-75B3-4AE6-88D9-F185F689ED44}
		{C098CCB4-5B44-40C2-8F18-38A70D584987} = {8307DB41-75B3-4AE6-88D9-F185F689ED44}
		{F7F975B6-2E33-452C-8B73-F96369F3C1EA} = {8307DB41-75B3-4AE6-88D9-F185F689ED44}
		{0EED0B12-08D1-4126-9AB1-65DF183B3029} = {251B36D3-E3F2-4A9E-95C4-28C2AD1BD7B6}
		{C1AC737D-E76B-43BC-B9AB-B0DFA2B7DF5D} = {251B36D3-E3F2-4A9E-95C4-28C2AD1BD7B6}
		{CD412761-1C4C-43AE-9A36-196986E1E9D9} = {9B94F043-685B-4B34-9363-666D593B15A4}
		{7D2C8713-B50C-4CB5-9EDD-90EF82AB564A} = {9B94F043-685B-4B34-9363-666D593B15A4}
		{4433CD0B-C7EE-4FC0-B5B3-38CCE3BFF297} = {9B94F043-685B-4B34-9363-666D593B15A4}
	EndGlobalSection
	GlobalSection(ExtensibilityGlobals) = postSolution
		SolutionGuid = {5B98F064-D718-486F-B532-C6B5C44D24A1}
	EndGlobalSection
EndGlobal
