
Microsoft Visual Studio Solution File, Format Version 12.00
# Visual Studio Version 17
VisualStudioVersion = 17.5.002.0
MinimumVisualStudioVersion = 10.0.40219.1
Project("{9A19103F-16F7-4668-BE54-9A1E7A4F7556}") = "EShop - Backup.WebApp", "EShop - Backup.WebApp.csproj", "{C8AD3163-B7BB-4BC4-947B-D26D25B3736D}"
EndProject
Project("{9A19103F-16F7-4668-BE54-9A1E7A4F7556}") = "EShop.WebApp", "EShop.WebApp.csproj", "{277DE6F8-D91D-4736-86A8-D4D21B60DC3C}"
EndProject
Global
	GlobalSection(SolutionConfigurationPlatforms) = preSolution
		Debug|Any CPU = Debug|Any CPU
		Release|Any CPU = Release|Any CPU
	EndGlobalSection
	GlobalSection(ProjectConfigurationPlatforms) = postSolution
		{C8AD3163-B7BB-4BC4-947B-D26D25B3736D}.Debug|Any CPU.ActiveCfg = Debug|Any CPU
		{C8AD3163-B7BB-4BC4-947B-D26D25B3736D}.Debug|Any CPU.Build.0 = Debug|Any CPU
		{C8AD3163-B7BB-4BC4-947B-D26D25B3736D}.Release|Any CPU.ActiveCfg = Release|Any CPU
		{C8AD3163-B7BB-4BC4-947B-D26D25B3736D}.Release|Any CPU.Build.0 = Release|Any CPU
		{277DE6F8-D91D-4736-86A8-D4D21B60DC3C}.Debug|Any CPU.ActiveCfg = Debug|Any CPU
		{277DE6F8-D91D-4736-86A8-D4D21B60DC3C}.Debug|Any CPU.Build.0 = Debug|Any CPU
		{277DE6F8-D91D-4736-86A8-D4D21B60DC3C}.Release|Any CPU.ActiveCfg = Release|Any CPU
		{277DE6F8-D91D-4736-86A8-D4D21B60DC3C}.Release|Any CPU.Build.0 = Release|Any CPU
	EndGlobalSection
	GlobalSection(SolutionProperties) = preSolution
		HideSolutionNode = FALSE
	EndGlobalSection
	GlobalSection(ExtensibilityGlobals) = postSolution
		SolutionGuid = {AC4AB349-1721-4C03-BDE7-5F188DA7D344}
	EndGlobalSection
EndGlobal
